
Microsoft Visual Studio Solution File, Format Version 12.00
# Visual Studio 2015
Project("{FAE04EC0-301F-11D3-BF4B-00C04F79EFBC}") = "Navigation.CSharp", "Navigation.CSharp.csproj", "{8687B746-40E5-1BDF-99C0-AE4EF17AE825}"
EndProject
Project("{FAE04EC0-301F-11D3-BF4B-00C04F79EFBC}") = "Navigation.CSharp.Editor", "Navigation.CSharp.Editor.csproj", "{AD4FCBF7-98FC-A150-C754-E86C98D01E92}"
EndProject
Global
	GlobalSection(SolutionConfigurationPlatforms) = preSolution
		Debug|Any CPU = Debug|Any CPU
		Release|Any CPU = Release|Any CPU
	EndGlobalSection
	GlobalSection(ProjectConfigurationPlatforms) = postSolution
		{8687B746-40E5-1BDF-99C0-AE4EF17AE825}.Debug|Any CPU.ActiveCfg = Debug|Any CPU
		{8687B746-40E5-1BDF-99C0-AE4EF17AE825}.Debug|Any CPU.Build.0 = Debug|Any CPU
		{8687B746-40E5-1BDF-99C0-AE4EF17AE825}.Release|Any CPU.ActiveCfg = Release|Any CPU
		{8687B746-40E5-1BDF-99C0-AE4EF17AE825}.Release|Any CPU.Build.0 = Release|Any CPU
		{AD4FCBF7-98FC-A150-C754-E86C98D01E92}.Debug|Any CPU.ActiveCfg = Debug|Any CPU
		{AD4FCBF7-98FC-A150-C754-E86C98D01E92}.Debug|Any CPU.Build.0 = Debug|Any CPU
		{AD4FCBF7-98FC-A150-C754-E86C98D01E92}.Release|Any CPU.ActiveCfg = Release|Any CPU
		{AD4FCBF7-98FC-A150-C754-E86C98D01E92}.Release|Any CPU.Build.0 = Release|Any CPU
	EndGlobalSection
	GlobalSection(SolutionProperties) = preSolution
		HideSolutionNode = FALSE
	EndGlobalSection
EndGlobal
